
Microsoft Visual Studio Solution File, Format Version 12.00
# Visual Studio 14
VisualStudioVersion = 14.0.24720.0
MinimumVisualStudioVersion = 10.0.40219.1
Project("{FAE04EC0-301F-11D3-BF4B-00C04F79EFBC}") = "AuctionOnline", "AuctionOnline\AuctionOnline.csproj", "{B4246597-EFAB-40D8-AE3D-961E90B11A21}"
EndProject
Global
	GlobalSection(SolutionConfigurationPlatforms) = preSolution
		Debug|Any CPU = Debug|Any CPU
		Release|Any CPU = Release|Any CPU
	EndGlobalSection
	GlobalSection(ProjectConfigurationPlatforms) = postSolution
		{B4246597-EFAB-40D8-AE3D-961E90B11A21}.Debug|Any CPU.ActiveCfg = Debug|Any CPU
		{B4246597-EFAB-40D8-AE3D-961E90B11A21}.Debug|Any CPU.Build.0 = Debug|Any CPU
		{B4246597-EFAB-40D8-AE3D-961E90B11A21}.Release|Any CPU.ActiveCfg = Release|Any CPU
		{B4246597-EFAB-40D8-AE3D-961E90B11A21}.Release|Any CPU.Build.0 = Release|Any CPU
	EndGlobalSection
	GlobalSection(SolutionProperties) = preSolution
		HideSolutionNode = FALSE
	EndGlobalSection
EndGlobal
